// !$*UTF8*$!
{
	archiveVersion = 1;
	classes = {
	};
	objectVersion = 46;
	objects = {

/* Begin PBXBuildFile section */
		12167F711C39FD4500ED83F3 /* AppDelegate.swift in Sources */ = {isa = PBXBuildFile; fileRef = 12167F701C39FD4500ED83F3 /* AppDelegate.swift */; };
		12167F731C39FD4500ED83F3 /* ViewController.swift in Sources */ = {isa = PBXBuildFile; fileRef = 12167F721C39FD4500ED83F3 /* ViewController.swift */; };
		12167F761C39FD4500ED83F3 /* Main.storyboard in Resources */ = {isa = PBXBuildFile; fileRef = 12167F741C39FD4500ED83F3 /* Main.storyboard */; };
		12167F791C39FD4500ED83F3 /* AroundMe.xcdatamodeld in Sources */ = {isa = PBXBuildFile; fileRef = 12167F771C39FD4500ED83F3 /* AroundMe.xcdatamodeld */; };
		12167F7B1C39FD4500ED83F3 /* Assets.xcassets in Resources */ = {isa = PBXBuildFile; fileRef = 12167F7A1C39FD4500ED83F3 /* Assets.xcassets */; };
		12167F7E1C39FD4500ED83F3 /* LaunchScreen.storyboard in Resources */ = {isa = PBXBuildFile; fileRef = 12167F7C1C39FD4500ED83F3 /* LaunchScreen.storyboard */; };
		12167F871C39FE1200ED83F3 /* File.swift in Sources */ = {isa = PBXBuildFile; fileRef = 12167F861C39FE1200ED83F3 /* File.swift */; };
		124960771C3A0C48002B29D6 /* postCellTableViewCell.swift in Sources */ = {isa = PBXBuildFile; fileRef = 124960761C3A0C48002B29D6 /* postCellTableViewCell.swift */; };
		1249607C1C3A23DE002B29D6 /* AddPostVC.swift in Sources */ = {isa = PBXBuildFile; fileRef = 1249607B1C3A23DE002B29D6 /* AddPostVC.swift */; };
		1249607F1C3A34C1002B29D6 /* dataService.swift in Sources */ = {isa = PBXBuildFile; fileRef = 1249607E1C3A34C1002B29D6 /* dataService.swift */; };
/* End PBXBuildFile section */

/* Begin PBXFileReference section */
		12167F6D1C39FD4500ED83F3 /* AroundMe.app */ = {isa = PBXFileReference; explicitFileType = wrapper.application; includeInIndex = 0; path = AroundMe.app; sourceTree = BUILT_PRODUCTS_DIR; };
		12167F701C39FD4500ED83F3 /* AppDelegate.swift */ = {isa = PBXFileReference; lastKnownFileType = sourcecode.swift; path = AppDelegate.swift; sourceTree = "<group>"; };
		12167F721C39FD4500ED83F3 /* ViewController.swift */ = {isa = PBXFileReference; lastKnownFileType = sourcecode.swift; name = ViewController.swift; path = AroundMe/ViewController.swift; sourceTree = "<group>"; };
		12167F751C39FD4500ED83F3 /* Base */ = {isa = PBXFileReference; lastKnownFileType = file.storyboard; name = Base; path = Base.lproj/Main.storyboard; sourceTree = "<group>"; };
		12167F781C39FD4500ED83F3 /* AroundMe.xcdatamodel */ = {isa = PBXFileReference; lastKnownFileType = wrapper.xcdatamodel; path = AroundMe.xcdatamodel; sourceTree = "<group>"; };
		12167F7A1C39FD4500ED83F3 /* Assets.xcassets */ = {isa = PBXFileReference; lastKnownFileType = folder.assetcatalog; path = Assets.xcassets; sourceTree = "<group>"; };
		12167F7D1C39FD4500ED83F3 /* Base */ = {isa = PBXFileReference; lastKnownFileType = file.storyboard; name = Base; path = Base.lproj/LaunchScreen.storyboard; sourceTree = "<group>"; };
		12167F7F1C39FD4500ED83F3 /* Info.plist */ = {isa = PBXFileReference; lastKnownFileType = text.plist.xml; path = Info.plist; sourceTree = "<group>"; };
		12167F861C39FE1200ED83F3 /* File.swift */ = {isa = PBXFileReference; fileEncoding = 4; lastKnownFileType = sourcecode.swift; path = File.swift; sourceTree = "<group>"; };
		124960761C3A0C48002B29D6 /* postCellTableViewCell.swift */ = {isa = PBXFileReference; fileEncoding = 4; lastKnownFileType = sourcecode.swift; path = postCellTableViewCell.swift; sourceTree = "<group>"; };
		1249607B1C3A23DE002B29D6 /* AddPostVC.swift */ = {isa = PBXFileReference; fileEncoding = 4; lastKnownFileType = sourcecode.swift; path = AddPostVC.swift; sourceTree = "<group>"; };
		1249607E1C3A34C1002B29D6 /* dataService.swift */ = {isa = PBXFileReference; fileEncoding = 4; lastKnownFileType = sourcecode.swift; path = dataService.swift; sourceTree = "<group>"; };
/* End PBXFileReference section */

/* Begin PBXFrameworksBuildPhase section */
		12167F6A1C39FD4500ED83F3 /* Frameworks */ = {
			isa = PBXFrameworksBuildPhase;
			buildActionMask = 2147483647;
			files = (
			);
			runOnlyForDeploymentPostprocessing = 0;
		};
/* End PBXFrameworksBuildPhase section */

/* Begin PBXGroup section */
		12167F641C39FD4500ED83F3 = {
			isa = PBXGroup;
			children = (
				12167F6F1C39FD4500ED83F3 /* AroundMe */,
				12167F6E1C39FD4500ED83F3 /* Products */,
			);
			sourceTree = "<group>";
		};
		12167F6E1C39FD4500ED83F3 /* Products */ = {
			isa = PBXGroup;
			children = (
				12167F6D1C39FD4500ED83F3 /* AroundMe.app */,
			);
			name = Products;
			sourceTree = "<group>";
		};
		12167F6F1C39FD4500ED83F3 /* AroundMe */ = {
			isa = PBXGroup;
			children = (
				1249607D1C3A34A2002B29D6 /* service */,
				12167F851C39FDFD00ED83F3 /* model */,
				124960751C3A0C02002B29D6 /* view */,
				124960781C3A2296002B29D6 /* control */,
				12167F701C39FD4500ED83F3 /* AppDelegate.swift */,
				12167F741C39FD4500ED83F3 /* Main.storyboard */,
				12167F7A1C39FD4500ED83F3 /* Assets.xcassets */,
				12167F7C1C39FD4500ED83F3 /* LaunchScreen.storyboard */,
				12167F7F1C39FD4500ED83F3 /* Info.plist */,
				12167F771C39FD4500ED83F3 /* AroundMe.xcdatamodeld */,
			);
			path = AroundMe;
			sourceTree = "<group>";
		};
		12167F851C39FDFD00ED83F3 /* model */ = {
			isa = PBXGroup;
			children = (
				12167F861C39FE1200ED83F3 /* File.swift */,
			);
			name = model;
			sourceTree = "<group>";
		};
		124960751C3A0C02002B29D6 /* view */ = {
			isa = PBXGroup;
			children = (
				124960761C3A0C48002B29D6 /* postCellTableViewCell.swift */,
			);
			name = view;
			path = ..;
			sourceTree = "<group>";
		};
		124960781C3A2296002B29D6 /* control */ = {
			isa = PBXGroup;
			children = (
				12167F721C39FD4500ED83F3 /* ViewController.swift */,
				1249607B1C3A23DE002B29D6 /* AddPostVC.swift */,
			);
			name = control;
			path = ..;
			sourceTree = "<group>";
		};
		1249607D1C3A34A2002B29D6 /* service */ = {
			isa = PBXGroup;
			children = (
				1249607E1C3A34C1002B29D6 /* dataService.swift */,
			);
			name = service;
			sourceTree = "<group>";
		};
/* End PBXGroup section */

/* Begin PBXNativeTarget section */
		12167F6C1C39FD4500ED83F3 /* AroundMe */ = {
			isa = PBXNativeTarget;
			buildConfigurationList = 12167F821C39FD4500ED83F3 /* Build configuration list for PBXNativeTarget "AroundMe" */;
			buildPhases = (
				12167F691C39FD4500ED83F3 /* Sources */,
				12167F6A1C39FD4500ED83F3 /* Frameworks */,
				12167F6B1C39FD4500ED83F3 /* Resources */,
			);
			buildRules = (
			);
			dependencies = (
			);
			name = AroundMe;
			productName = AroundMe;
			productReference = 12167F6D1C39FD4500ED83F3 /* AroundMe.app */;
			productType = "com.apple.product-type.application";
		};
/* End PBXNativeTarget section */

/* Begin PBXProject section */
		12167F651C39FD4500ED83F3 /* Project object */ = {
			isa = PBXProject;
			attributes = {
				LastSwiftUpdateCheck = 0710;
				LastUpgradeCheck = 0710;
				ORGANIZATIONNAME = "Yeswanth varma Kanumuri";
				TargetAttributes = {
					12167F6C1C39FD4500ED83F3 = {
						CreatedOnToolsVersion = 7.1.1;
					};
				};
			};
			buildConfigurationList = 12167F681C39FD4500ED83F3 /* Build configuration list for PBXProject "AroundMe" */;
			compatibilityVersion = "Xcode 3.2";
			developmentRegion = English;
			hasScannedForEncodings = 0;
			knownRegions = (
				en,
				Base,
			);
			mainGroup = 12167F641C39FD4500ED83F3;
			productRefGroup = 12167F6E1C39FD4500ED83F3 /* Products */;
			projectDirPath = "";
			projectRoot = "";
			targets = (
				12167F6C1C39FD4500ED83F3 /* AroundMe */,
			);
		};
/* End PBXProject section */

/* Begin PBXResourcesBuildPhase section */
		12167F6B1C39FD4500ED83F3 /* Resources */ = {
			isa = PBXResourcesBuildPhase;
			buildActionMask = 2147483647;
			files = (
				12167F7E1C39FD4500ED83F3 /* LaunchScreen.storyboard in Resources */,
				12167F7B1C39FD4500ED83F3 /* Assets.xcassets in Resources */,
				12167F761C39FD4500ED83F3 /* Main.storyboard in Resources */,
			);
			runOnlyForDeploymentPostprocessing = 0;
		};
/* End PBXResourcesBuildPhase section */

/* Begin PBXSourcesBuildPhase section */
		12167F691C39FD4500ED83F3 /* Sources */ = {
			isa = PBXSourcesBuildPhase;
			buildActionMask = 2147483647;
			files = (
				124960771C3A0C48002B29D6 /* postCellTableViewCell.swift in Sources */,
				12167F791C39FD4500ED83F3 /* AroundMe.xcdatamodeld in Sources */,
				12167F871C39FE1200ED83F3 /* File.swift in Sources */,
				1249607F1C3A34C1002B29D6 /* dataService.swift in Sources */,
				12167F731C39FD4500ED83F3 /* ViewController.swift in Sources */,
				1249607C1C3A23DE002B29D6 /* AddPostVC.swift in Sources */,
				12167F711C39FD4500ED83F3 /* AppDelegate.swift in Sources */,
			);
			runOnlyForDeploymentPostprocessing = 0;
		};
/* End PBXSourcesBuildPhase section */

/* Begin PBXVariantGroup section */
		12167F741C39FD4500ED83F3 /* Main.storyboard */ = {
			isa = PBXVariantGroup;
			children = (
				12167F751C39FD4500ED83F3 /* Base */,
			);
			name = Main.storyboard;
			sourceTree = "<group>";
		};
		12167F7C1C39FD4500ED83F3 /* LaunchScreen.storyboard */ = {
			isa = PBXVariantGroup;
			children = (
				12167F7D1C39FD4500ED83F3 /* Base */,
			);
			name = LaunchScreen.storyboard;
			sourceTree = "<group>";
		};
/* End PBXVariantGroup section */

/* Begin XCBuildConfiguration section */
		12167F801C39FD4500ED83F3 /* Debug */ = {
			isa = XCBuildConfiguration;
			buildSettings = {
				ALWAYS_SEARCH_USER_PATHS = NO;
				CLANG_CXX_LANGUAGE_STANDARD = "gnu++0x";
				CLANG_CXX_LIBRARY = "libc++";
				CLANG_ENABLE_MODULES = YES;
				CLANG_ENABLE_OBJC_ARC = YES;
				CLANG_WARN_BOOL_CONVERSION = YES;
				CLANG_WARN_CONSTANT_CONVERSION = YES;
				CLANG_WARN_DIRECT_OBJC_ISA_USAGE = YES_ERROR;
				CLANG_WARN_EMPTY_BODY = YES;
				CLANG_WARN_ENUM_CONVERSION = YES;
				CLANG_WARN_INT_CONVERSION = YES;
				CLANG_WARN_OBJC_ROOT_CLASS = YES_ERROR;
				CLANG_WARN_UNREACHABLE_CODE = YES;
				CLANG_WARN__DUPLICATE_METHOD_MATCH = YES;
				"CODE_SIGN_IDENTITY[sdk=iphoneos*]" = "iPhone Developer";
				COPY_PHASE_STRIP = NO;
				DEBUG_INFORMATION_FORMAT = dwarf;
				ENABLE_STRICT_OBJC_MSGSEND = YES;
				ENABLE_TESTABILITY = YES;
				GCC_C_LANGUAGE_STANDARD = gnu99;
				GCC_DYNAMIC_NO_PIC = NO;
				GCC_NO_COMMON_BLOCKS = YES;
				GCC_OPTIMIZATION_LEVEL = 0;
				GCC_PREPROCESSOR_DEFINITIONS = (
					"DEBUG=1",
					"$(inherited)",
				);
				GCC_WARN_64_TO_32_BIT_CONVERSION = YES;
				GCC_WARN_ABOUT_RETURN_TYPE = YES_ERROR;
				GCC_WARN_UNDECLARED_SELECTOR = YES;
				GCC_WARN_UNINITIALIZED_AUTOS = YES_AGGRESSIVE;
				GCC_WARN_UNUSED_FUNCTION = YES;
				GCC_WARN_UNUSED_VARIABLE = YES;
				IPHONEOS_DEPLOYMENT_TARGET = 9.1;
				MTL_ENABLE_DEBUG_INFO = YES;
				ONLY_ACTIVE_ARCH = YES;
				SDKROOT = iphoneos;
				SWIFT_OPTIMIZATION_LEVEL = "-Onone";
				TARGETED_DEVICE_FAMILY = "1,2";
			};
			name = Debug;
		};
		12167F811C39FD4500ED83F3 /* Release */ = {
			isa = XCBuildConfiguration;
			buildSettings = {
				ALWAYS_SEARCH_USER_PATHS = NO;
				CLANG_CXX_LANGUAGE_STANDARD = "gnu++0x";
				CLANG_CXX_LIBRARY = "libc++";
				CLANG_ENABLE_MODULES = YES;
				CLANG_ENABLE_OBJC_ARC = YES;
				CLANG_WARN_BOOL_CONVERSION = YES;
				CLANG_WARN_CONSTANT_CONVERSION = YES;
				CLANG_WARN_DIRECT_OBJC_ISA_USAGE = YES_ERROR;
				CLANG_WARN_EMPTY_BODY = YES;
				CLANG_WARN_ENUM_CONVERSION = YES;
				CLANG_WARN_INT_CONVERSION = YES;
				CLANG_WARN_OBJC_ROOT_CLASS = YES_ERROR;
				CLANG_WARN_UNREACHABLE_CODE = YES;
				CLANG_WARN__DUPLICATE_METHOD_MATCH = YES;
				"CODE_SIGN_IDENTITY[sdk=iphoneos*]" = "iPhone Developer";
				COPY_PHASE_STRIP = NO;
				DEBUG_INFORMATION_FORMAT = "dwarf-with-dsym";
				ENABLE_NS_ASSERTIONS = NO;
				ENABLE_STRICT_OBJC_MSGSEND = YES;
				GCC_C_LANGUAGE_STANDARD = gnu99;
				GCC_NO_COMMON_BLOCKS = YES;
				GCC_WARN_64_TO_32_BIT_CONVERSION = YES;
				GCC_WARN_ABOUT_RETURN_TYPE = YES_ERROR;
				GCC_WARN_UNDECLARED_SELECTOR = YES;
				GCC_WARN_UNINITIALIZED_AUTOS = YES_AGGRESSIVE;
				GCC_WARN_UNUSED_FUNCTION = YES;
				GCC_WARN_UNUSED_VARIABLE = YES;
				IPHONEOS_DEPLOYMENT_TARGET = 9.1;
				MTL_ENABLE_DEBUG_INFO = NO;
				SDKROOT = iphoneos;
				TARGETED_DEVICE_FAMILY = "1,2";
				VALIDATE_PRODUCT = YES;
			};
			name = Release;
		};
		12167F831C39FD4500ED83F3 /* Debug */ = {
			isa = XCBuildConfiguration;
			buildSettings = {
				ASSETCATALOG_COMPILER_APPICON_NAME = AppIcon;
				INFOPLIST_FILE = AroundMe/Info.plist;
				LD_RUNPATH_SEARCH_PATHS = "$(inherited) @executable_path/Frameworks";
				PRODUCT_BUNDLE_IDENTIFIER = com.yeswanthvarma.AroundMe;
				PRODUCT_NAME = "$(TARGET_NAME)";
			};
			name = Debug;
		};
		12167F841C39FD4500ED83F3 /* Release */ = {
			isa = XCBuildConfiguration;
			buildSettings = {
				ASSETCATALOG_COMPILER_APPICON_NAME = AppIcon;
				INFOPLIST_FILE = AroundMe/Info.plist;
				LD_RUNPATH_SEARCH_PATHS = "$(inherited) @executable_path/Frameworks";
				PRODUCT_BUNDLE_IDENTIFIER = com.yeswanthvarma.AroundMe;
				PRODUCT_NAME = "$(TARGET_NAME)";
			};
			name = Release;
		};
/* End XCBuildConfiguration section */

/* Begin XCConfigurationList section */
		12167F681C39FD4500ED83F3 /* Build configuration list for PBXProject "AroundMe" */ = {
			isa = XCConfigurationList;
			buildConfigurations = (
				12167F801C39FD4500ED83F3 /* Debug */,
				12167F811C39FD4500ED83F3 /* Release */,
			);
			defaultConfigurationIsVisible = 0;
			defaultConfigurationName = Release;
		};
		12167F821C39FD4500ED83F3 /* Build configuration list for PBXNativeTarget "AroundMe" */ = {
			isa = XCConfigurationList;
			buildConfigurations = (
				12167F831C39FD4500ED83F3 /* Debug */,
				12167F841C39FD4500ED83F3 /* Release */,
			);
			defaultConfigurationIsVisible = 0;
			defaultConfigurationName = Release;
		};
/* End XCConfigurationList section */

/* Begin XCVersionGroup section */
		12167F771C39FD4500ED83F3 /* AroundMe.xcdatamodeld */ = {
			isa = XCVersionGroup;
			children = (
				12167F781C39FD4500ED83F3 /* AroundMe.xcdatamodel */,
			);
			currentVersion = 12167F781C39FD4500ED83F3 /* AroundMe.xcdatamodel */;
			path = AroundMe.xcdatamodeld;
			sourceTree = "<group>";
			versionGroupType = wrapper.xcdatamodel;
		};
/* End XCVersionGroup section */
	};
	rootObject = 12167F651C39FD4500ED83F3 /* Project object */;
}
